
Microsoft Visual Studio Solution File, Format Version 12.00
# Visual Studio Version 16
VisualStudioVersion = 16.0.30114.105
MinimumVisualStudioVersion = 10.0.40219.1
Project("{FAE04EC0-301F-11D3-BF4B-00C04F79EFBC}") = "TileDB.CSharp", "sources\TileDB.CSharp\TileDB.CSharp.csproj", "{47B5AEE4-59F8-4685-A244-0C5BA8DC518D}"
EndProject
Project("{FAE04EC0-301F-11D3-BF4B-00C04F79EFBC}") = "TileDB.CSharp.Test", "tests\TileDB.CSharp.Test\TileDB.CSharp.Test.csproj", "{C770B213-685E-4845-BA62-96092A3AF27F}"
EndProject
Project("{FAE04EC0-301F-11D3-BF4B-00C04F79EFBC}") = "TileDB.CSharp.Example", "examples\TileDB.CSharp.Example\TileDB.CSharp.Example.csproj", "{3F1C263E-AE13-4E74-945A-D8B30D2BC4EF}"
EndProject
Project("{FAE04EC0-301F-11D3-BF4B-00C04F79EFBC}") = "TileDB.Interop", "sources\TileDB.Interop\TileDB.Interop.csproj", "{5ECFEE69-761D-4D8C-B47F-EB914342B761}"
EndProject
Project("{2150E333-8FDC-42A3-9474-1A3956D46DE8}") = "examples", "examples", "{7C55D112-DBCB-4930-95DA-BE2BDC385D09}"
EndProject
Project("{2150E333-8FDC-42A3-9474-1A3956D46DE8}") = "bindings", "bindings", "{290031CD-EF93-4A53-826E-CBF70141B064}"
EndProject
Project("{FAE04EC0-301F-11D3-BF4B-00C04F79EFBC}") = "QuickstartSparseString", "examples\bindings\QuickstartSparseString\QuickstartSparseString.csproj", "{E56005DF-0E78-4B8F-9054-1C337521041C}"
EndProject
Global
	GlobalSection(SolutionConfigurationPlatforms) = preSolution
		Debug|Any CPU = Debug|Any CPU
		Release|Any CPU = Release|Any CPU
	EndGlobalSection
	GlobalSection(SolutionProperties) = preSolution
		HideSolutionNode = FALSE
	EndGlobalSection
	GlobalSection(ProjectConfigurationPlatforms) = postSolution
		{47B5AEE4-59F8-4685-A244-0C5BA8DC518D}.Debug|Any CPU.ActiveCfg = Debug|Any CPU
		{47B5AEE4-59F8-4685-A244-0C5BA8DC518D}.Debug|Any CPU.Build.0 = Debug|Any CPU
		{47B5AEE4-59F8-4685-A244-0C5BA8DC518D}.Release|Any CPU.ActiveCfg = Release|Any CPU
		{47B5AEE4-59F8-4685-A244-0C5BA8DC518D}.Release|Any CPU.Build.0 = Release|Any CPU
		{C770B213-685E-4845-BA62-96092A3AF27F}.Debug|Any CPU.ActiveCfg = Debug|Any CPU
		{C770B213-685E-4845-BA62-96092A3AF27F}.Debug|Any CPU.Build.0 = Debug|Any CPU
		{C770B213-685E-4845-BA62-96092A3AF27F}.Release|Any CPU.ActiveCfg = Release|Any CPU
		{C770B213-685E-4845-BA62-96092A3AF27F}.Release|Any CPU.Build.0 = Release|Any CPU
		{3F1C263E-AE13-4E74-945A-D8B30D2BC4EF}.Debug|Any CPU.ActiveCfg = Debug|Any CPU
		{3F1C263E-AE13-4E74-945A-D8B30D2BC4EF}.Debug|Any CPU.Build.0 = Debug|Any CPU
		{3F1C263E-AE13-4E74-945A-D8B30D2BC4EF}.Release|Any CPU.ActiveCfg = Release|Any CPU
		{3F1C263E-AE13-4E74-945A-D8B30D2BC4EF}.Release|Any CPU.Build.0 = Release|Any CPU
		{5ECFEE69-761D-4D8C-B47F-EB914342B761}.Debug|Any CPU.ActiveCfg = Debug|Any CPU
		{5ECFEE69-761D-4D8C-B47F-EB914342B761}.Debug|Any CPU.Build.0 = Debug|Any CPU
		{5ECFEE69-761D-4D8C-B47F-EB914342B761}.Release|Any CPU.ActiveCfg = Release|Any CPU
		{5ECFEE69-761D-4D8C-B47F-EB914342B761}.Release|Any CPU.Build.0 = Release|Any CPU
		{E56005DF-0E78-4B8F-9054-1C337521041C}.Debug|Any CPU.ActiveCfg = Debug|Any CPU
		{E56005DF-0E78-4B8F-9054-1C337521041C}.Debug|Any CPU.Build.0 = Debug|Any CPU
		{E56005DF-0E78-4B8F-9054-1C337521041C}.Release|Any CPU.ActiveCfg = Release|Any CPU
		{E56005DF-0E78-4B8F-9054-1C337521041C}.Release|Any CPU.Build.0 = Release|Any CPU
	EndGlobalSection
	GlobalSection(NestedProjects) = preSolution
		{290031CD-EF93-4A53-826E-CBF70141B064} = {7C55D112-DBCB-4930-95DA-BE2BDC385D09}
		{E56005DF-0E78-4B8F-9054-1C337521041C} = {290031CD-EF93-4A53-826E-CBF70141B064}
	EndGlobalSection
EndGlobal
