
Microsoft Visual Studio Solution File, Format Version 12.00
# Visual Studio 14
VisualStudioVersion = 14.0.25420.1
MinimumVisualStudioVersion = 10.0.40219.1
Project("{FAE04EC0-301F-11D3-BF4B-00C04F79EFBC}") = "tiledbcs.CSharp", "tiledbcs.CSharp\tiledbcs.CSharp.csproj", "{E3607C78-6D6A-4774-B034-7BE01F4AFABD}"
EndProject
Project("{FAE04EC0-301F-11D3-BF4B-00C04F79EFBC}") = "tiledbcs.CSharp.Benchmark", "tiledbcs.CSharp.Benchmark\tiledbcs.CSharp.Benchmark.csproj", "{0350EC4E-6A19-40C3-B188-A2F4E1C7E429}"
EndProject
Project("{FAE04EC0-301F-11D3-BF4B-00C04F79EFBC}") = "tiledbcs.CSharp.Test", "tiledbcs.CSharp.Test\tiledbcs.CSharp.Test.csproj", "{06B03233-B7E9-40C0-B4E0-F7208F51CE70}"
EndProject
Global
	GlobalSection(SolutionConfigurationPlatforms) = preSolution
		Debug|Any CPU = Debug|Any CPU
		Debug|x64 = Debug|x64
		Release|Any CPU = Release|Any CPU
		Release|x64 = Release|x64
	EndGlobalSection
	GlobalSection(ProjectConfigurationPlatforms) = postSolution
		{E3607C78-6D6A-4774-B034-7BE01F4AFABD}.Debug|Any CPU.ActiveCfg = Debug|x64
		{E3607C78-6D6A-4774-B034-7BE01F4AFABD}.Debug|Any CPU.Build.0 = Debug|x64
		{E3607C78-6D6A-4774-B034-7BE01F4AFABD}.Debug|x64.ActiveCfg = Debug|x64
		{E3607C78-6D6A-4774-B034-7BE01F4AFABD}.Debug|x64.Build.0 = Debug|x64
		{E3607C78-6D6A-4774-B034-7BE01F4AFABD}.Release|Any CPU.ActiveCfg = Release|Any CPU
		{E3607C78-6D6A-4774-B034-7BE01F4AFABD}.Release|Any CPU.Build.0 = Release|Any CPU
		{E3607C78-6D6A-4774-B034-7BE01F4AFABD}.Release|x64.ActiveCfg = Release|x64
		{E3607C78-6D6A-4774-B034-7BE01F4AFABD}.Release|x64.Build.0 = Release|x64
		{0350EC4E-6A19-40C3-B188-A2F4E1C7E429}.Debug|Any CPU.ActiveCfg = Debug|Any CPU
		{0350EC4E-6A19-40C3-B188-A2F4E1C7E429}.Debug|Any CPU.Build.0 = Debug|Any CPU
		{0350EC4E-6A19-40C3-B188-A2F4E1C7E429}.Debug|x64.ActiveCfg = Debug|Any CPU
		{0350EC4E-6A19-40C3-B188-A2F4E1C7E429}.Debug|x64.Build.0 = Debug|Any CPU
		{0350EC4E-6A19-40C3-B188-A2F4E1C7E429}.Release|Any CPU.ActiveCfg = Release|Any CPU
		{0350EC4E-6A19-40C3-B188-A2F4E1C7E429}.Release|Any CPU.Build.0 = Release|Any CPU
		{0350EC4E-6A19-40C3-B188-A2F4E1C7E429}.Release|x64.ActiveCfg = Release|x64
		{0350EC4E-6A19-40C3-B188-A2F4E1C7E429}.Release|x64.Build.0 = Release|x64
		{06B03233-B7E9-40C0-B4E0-F7208F51CE70}.Debug|Any CPU.ActiveCfg = Debug|Any CPU
		{06B03233-B7E9-40C0-B4E0-F7208F51CE70}.Debug|Any CPU.Build.0 = Debug|Any CPU
		{06B03233-B7E9-40C0-B4E0-F7208F51CE70}.Debug|x64.ActiveCfg = Debug|Any CPU
		{06B03233-B7E9-40C0-B4E0-F7208F51CE70}.Debug|x64.Build.0 = Debug|Any CPU
		{06B03233-B7E9-40C0-B4E0-F7208F51CE70}.Release|Any CPU.ActiveCfg = Release|Any CPU
		{06B03233-B7E9-40C0-B4E0-F7208F51CE70}.Release|Any CPU.Build.0 = Release|Any CPU
		{06B03233-B7E9-40C0-B4E0-F7208F51CE70}.Release|x64.ActiveCfg = Release|x64
		{06B03233-B7E9-40C0-B4E0-F7208F51CE70}.Release|x64.Build.0 = Release|x64
	EndGlobalSection
	GlobalSection(SolutionProperties) = preSolution
		HideSolutionNode = FALSE
	EndGlobalSection
EndGlobal
